
Microsoft Visual Studio Solution File, Format Version 12.00
# Visual Studio Version 16
VisualStudioVersion = 16.0.30517.126
MinimumVisualStudioVersion = 10.0.40219.1
Project("{FAE04EC0-301F-11D3-BF4B-00C04F79EFBC}") = "ASPNetCoreMastersTodoList.Api", "ASPNetCoreMastersTodoList.Api\ASPNetCoreMastersTodoList.Api.csproj", "{67DFC9E5-AEFC-41BE-A500-B3264F8F5CAD}"
EndProject
Project("{FAE04EC0-301F-11D3-BF4B-00C04F79EFBC}") = "ItemService", "ItemService\ItemService.csproj", "{3A51FF77-74FE-4F8B-B4C0-24680DC80E21}"
EndProject
Global
	GlobalSection(SolutionConfigurationPlatforms) = preSolution
		Debug|Any CPU = Debug|Any CPU
		Release|Any CPU = Release|Any CPU
	EndGlobalSection
	GlobalSection(ProjectConfigurationPlatforms) = postSolution
		{67DFC9E5-AEFC-41BE-A500-B3264F8F5CAD}.Debug|Any CPU.ActiveCfg = Debug|Any CPU
		{67DFC9E5-AEFC-41BE-A500-B3264F8F5CAD}.Debug|Any CPU.Build.0 = Debug|Any CPU
		{67DFC9E5-AEFC-41BE-A500-B3264F8F5CAD}.Release|Any CPU.ActiveCfg = Release|Any CPU
		{67DFC9E5-AEFC-41BE-A500-B3264F8F5CAD}.Release|Any CPU.Build.0 = Release|Any CPU
		{3A51FF77-74FE-4F8B-B4C0-24680DC80E21}.Debug|Any CPU.ActiveCfg = Debug|Any CPU
		{3A51FF77-74FE-4F8B-B4C0-24680DC80E21}.Debug|Any CPU.Build.0 = Debug|Any CPU
		{3A51FF77-74FE-4F8B-B4C0-24680DC80E21}.Release|Any CPU.ActiveCfg = Release|Any CPU
		{3A51FF77-74FE-4F8B-B4C0-24680DC80E21}.Release|Any CPU.Build.0 = Release|Any CPU
	EndGlobalSection
	GlobalSection(SolutionProperties) = preSolution
		HideSolutionNode = FALSE
	EndGlobalSection
	GlobalSection(ExtensibilityGlobals) = postSolution
		SolutionGuid = {DA74DF7B-3B47-44BD-8E72-C9E9C7CFFEBB}
	EndGlobalSection
EndGlobal
